
Microsoft Visual Studio Solution File, Format Version 12.00
# Visual Studio Version 17
VisualStudioVersion = 17.5.33530.505
MinimumVisualStudioVersion = 10.0.40219.1
Project("{FAE04EC0-301F-11D3-BF4B-00C04F79EFBC}") = "cinemanic", "cinemanic.csproj", "{D126C98D-9F32-4EC3-8916-847C24671CBC}"
EndProject
Global
	GlobalSection(SolutionConfigurationPlatforms) = preSolution
		Debug|Any CPU = Debug|Any CPU
		Release|Any CPU = Release|Any CPU
	EndGlobalSection
	GlobalSection(ProjectConfigurationPlatforms) = postSolution
		{D126C98D-9F32-4EC3-8916-847C24671CBC}.Debug|Any CPU.ActiveCfg = Debug|Any CPU
		{D126C98D-9F32-4EC3-8916-847C24671CBC}.Debug|Any CPU.Build.0 = Debug|Any CPU
		{D126C98D-9F32-4EC3-8916-847C24671CBC}.Release|Any CPU.ActiveCfg = Release|Any CPU
		{D126C98D-9F32-4EC3-8916-847C24671CBC}.Release|Any CPU.Build.0 = Release|Any CPU
	EndGlobalSection
	GlobalSection(SolutionProperties) = preSolution
		HideSolutionNode = FALSE
	EndGlobalSection
	GlobalSection(ExtensibilityGlobals) = postSolution
		SolutionGuid = {A6F1AB72-DA38-4A7A-8F08-594EC54BDE6E}
	EndGlobalSection
EndGlobal
